{
  "lockfileVersion": 1,
  "configVersion": 1,
  "workspaces": {
    "": {
      "name": "moqlivetvtest",
      "dependencies": {
        "@fails-components/webtransport": "^1.5.3",
        "@fails-components/webtransport-transport-http3-quiche": "^1.5.3",
        "@moq/hang": "^0.2.0",
        "@moq/lite": "^0.1.5",
        "node-av": "^5.2.2",
      },
      "devDependencies": {
        "@types/bun": "latest",
      },
      "peerDependencies": {
        "typescript": "^5",
      },
    },
  },
  "trustedDependencies": [
    "@fails-components/webtransport-transport-http3-quiche",
  ],
  "packages": {
    "@babel/runtime": ["@babel/runtime@7.28.6", "", {}, "sha512-05WQkdpL9COIMz4LjTxGpPNCdlpyimKppYNoJ5Di5EUObifl8t4tuLuUBBZEpoLYOmfvIWrsp9fCl0HoPRVTdA=="],

    "@fails-components/webtransport": ["@fails-components/webtransport@1.5.3", "", { "dependencies": { "@types/debug": "^4.1.7", "bindings": "^1.5.0", "debug": "^4.3.4" } }, "sha512-ax+xQPaYm29hSPxEGaFzQkYkpLVsvDjXn3eabn9E0TlESW2y/HRgTIABG73HjypCaHnhDYP8Q6QkN/uWUhQH2A=="],

    "@fails-components/webtransport-transport-http3-quiche": ["@fails-components/webtransport-transport-http3-quiche@1.5.3", "", { "dependencies": { "@types/debug": "^4.1.7", "bindings": "^1.5.0", "cmake-js": "^8.0.0", "debug": "^4.3.4", "node-addon-api": "^7.0.0", "prebuild-install": "^7.1.1" } }, "sha512-PlR/jYHgEwbv6yQywH5D9czRs+2k05Mcc9/6Uh2b0ShCuOxQcbfPgJ9St9r75AMbKcDVu2Ibm0Lmt3JFCB5HEg=="],

    "@fidm/asn1": ["@fidm/asn1@1.0.4", "", {}, "sha512-esd1jyNvRb2HVaQGq2Gg8Z0kbQPXzV9Tq5Z14KNIov6KfFD6PTaRIO8UpcsYiTNzOqJpmyzWgVTrUwFV3UF4TQ=="],

    "@fidm/x509": ["@fidm/x509@1.2.1", "", { "dependencies": { "@fidm/asn1": "^1.0.4", "tweetnacl": "^1.0.1" } }, "sha512-nwc2iesjyc9hkuzcrMCBXQRn653XuAUKorfWM8PZyJawiy1QzLj4vahwzaI25+pfpwOLvMzbJ0uKpWLDNmo16w=="],

    "@isaacs/fs-minipass": ["@isaacs/fs-minipass@4.0.1", "", { "dependencies": { "minipass": "^7.0.4" } }, "sha512-wgm9Ehl2jpeqP3zw/7mo3kRHFp5MEDhqAdwy1fTGkHAwnkGOVsgpvQhL8B5n1qlb01jV3n/bI0ZfZp5lWA1k4w=="],

    "@kixelated/libavjs-webcodecs-polyfill": ["@kixelated/libavjs-webcodecs-polyfill@0.5.5", "", { "dependencies": { "@libav.js/types": "^6.7.7", "@ungap/global-this": "^0.4.4" } }, "sha512-Q1zgnTMMQ2F7IE9ylx3C1XzVbg5vYN18jiDINO5U3kNPBOHdYuUlJsMhtBoqr1M6ocLtoiqdHmLs7tHFgrw5KA=="],

    "@leichtgewicht/ip-codec": ["@leichtgewicht/ip-codec@2.0.5", "", {}, "sha512-Vo+PSpZG2/fmgmiNzYK9qWRh8h/CHrwD0mo1h1DzL4yzHNSfWYujGTYsWGreD000gcgmZ7K4Ys6Tx9TxtsKdDw=="],

    "@libav.js/types": ["@libav.js/types@6.8.8", "", {}, "sha512-Lbik/0Q3x2R8cI7mOtRgt+nUWLqGXh7UinMndmpdXSDY4YEjYyVUDsq6fxkuriL78+LCYx8frZIN1r+oDsvYCQ=="],

    "@libav.js/variant-opus-af": ["@libav.js/variant-opus-af@6.8.8", "", {}, "sha512-8KBQyA8n5goN7lyctOaPxpcx7dapOgqKh8dWW/NAcl87AgM/WoUGSex3fFc46oCtTHYrUKEm1OmZUrtkt3Q56A=="],

    "@minhducsun2002/leb128": ["@minhducsun2002/leb128@1.0.0", "", {}, "sha512-eFrYUPDVHeuwWHluTG1kwNQUEUcFjVKYwPkU8z9DR1JH3AW7JtJsG9cRVGmwz809kKtGfwGJj58juCZxEvnI/g=="],

    "@moq/hang": ["@moq/hang@0.2.0", "", { "dependencies": { "@kixelated/libavjs-webcodecs-polyfill": "^0.5.5", "@libav.js/variant-opus-af": "^6.8.8", "@moq/lite": "^0.1.3", "@moq/signals": "^0.1.3", "@svta/cml-iso-bmff": "^1.0.0-alpha.9", "zod": "^4.1.5" } }, "sha512-uW5hGVWGPY7uFD3w3kt1CNafbB5bge4O5/vZm756SgejihHkmqcFjSUfgabXxIJCXMr/1qtDXOVwIUs8QILZng=="],

    "@moq/lite": ["@moq/lite@0.1.5", "", { "dependencies": { "@moq/signals": "^0.1.3", "@moq/web-transport-ws": "^0.1.2", "async-mutex": "^0.5.0" }, "peerDependencies": { "zod": "^4.1.0" } }, "sha512-lbMBm7Sm4J7jQ9uWI+ITNGk6kqVNRL1pUEFArXNBUS2OEgHUUosG+DWsuRpiun2OWLiRi5nfx7bmR/3b5hH+ww=="],

    "@moq/signals": ["@moq/signals@0.1.3", "", { "dependencies": { "dequal": "^2.0.3" }, "peerDependencies": { "@types/react": "^19.1.8", "react": "^19.0.0", "solid-js": "^1.9.7" }, "optionalPeers": ["react", "solid-js"] }, "sha512-tPuLnC6INqydJEore/FJPg+9rdzEb6BsUvr3P7gMErEpdHjdeQbhpn7ramrN2YmOhaACkY9Dk8U3IudzOxSF/A=="],

    "@moq/web-transport-ws": ["@moq/web-transport-ws@0.1.2", "", {}, "sha512-mYha+AkLNPT3uOGnTA5YWjpxc9LO/yriFSoWzKkR0zN3UMZb9RXbsD8Gbhg1pJZod6QD4tevHoOWTBADYN7yAQ=="],

    "@noble/curves": ["@noble/curves@1.9.7", "", { "dependencies": { "@noble/hashes": "1.8.0" } }, "sha512-gbKGcRUYIjA3/zCCNaWDciTMFI0dCkvou3TL8Zmy5Nc7sJ47a0jtOeZoTaMxkuqRo9cRhjOdZJXegxYE5FN/xw=="],

    "@noble/hashes": ["@noble/hashes@1.8.0", "", {}, "sha512-jCs9ldd7NwzpgXDIf6P3+NrHh9/sD6CQdxHyjQI+h/6rDNo88ypBxxz45UDuZHz9r3tNz7N/VInSVoVdtXEI4A=="],

    "@peculiar/asn1-cms": ["@peculiar/asn1-cms@2.6.1", "", { "dependencies": { "@peculiar/asn1-schema": "^2.6.0", "@peculiar/asn1-x509": "^2.6.1", "@peculiar/asn1-x509-attr": "^2.6.1", "asn1js": "^3.0.6", "tslib": "^2.8.1" } }, "sha512-vdG4fBF6Lkirkcl53q6eOdn3XYKt+kJTG59edgRZORlg/3atWWEReRCx5rYE1ZzTTX6vLK5zDMjHh7vbrcXGtw=="],

    "@peculiar/asn1-csr": ["@peculiar/asn1-csr@2.6.1", "", { "dependencies": { "@peculiar/asn1-schema": "^2.6.0", "@peculiar/asn1-x509": "^2.6.1", "asn1js": "^3.0.6", "tslib": "^2.8.1" } }, "sha512-WRWnKfIocHyzFYQTka8O/tXCiBquAPSrRjXbOkHbO4qdmS6loffCEGs+rby6WxxGdJCuunnhS2duHURhjyio6w=="],

    "@peculiar/asn1-ecc": ["@peculiar/asn1-ecc@2.6.1", "", { "dependencies": { "@peculiar/asn1-schema": "^2.6.0", "@peculiar/asn1-x509": "^2.6.1", "asn1js": "^3.0.6", "tslib": "^2.8.1" } }, "sha512-+Vqw8WFxrtDIN5ehUdvlN2m73exS2JVG0UAyfVB31gIfor3zWEAQPD+K9ydCxaj3MLen9k0JhKpu9LqviuCE1g=="],

    "@peculiar/asn1-pfx": ["@peculiar/asn1-pfx@2.6.1", "", { "dependencies": { "@peculiar/asn1-cms": "^2.6.1", "@peculiar/asn1-pkcs8": "^2.6.1", "@peculiar/asn1-rsa": "^2.6.1", "@peculiar/asn1-schema": "^2.6.0", "asn1js": "^3.0.6", "tslib": "^2.8.1" } }, "sha512-nB5jVQy3MAAWvq0KY0R2JUZG8bO/bTLpnwyOzXyEh/e54ynGTatAR+csOnXkkVD9AFZ2uL8Z7EV918+qB1qDvw=="],

    "@peculiar/asn1-pkcs8": ["@peculiar/asn1-pkcs8@2.6.1", "", { "dependencies": { "@peculiar/asn1-schema": "^2.6.0", "@peculiar/asn1-x509": "^2.6.1", "asn1js": "^3.0.6", "tslib": "^2.8.1" } }, "sha512-JB5iQ9Izn5yGMw3ZG4Nw3Xn/hb/G38GYF3lf7WmJb8JZUydhVGEjK/ZlFSWhnlB7K/4oqEs8HnfFIKklhR58Tw=="],

    "@peculiar/asn1-pkcs9": ["@peculiar/asn1-pkcs9@2.6.1", "", { "dependencies": { "@peculiar/asn1-cms": "^2.6.1", "@peculiar/asn1-pfx": "^2.6.1", "@peculiar/asn1-pkcs8": "^2.6.1", "@peculiar/asn1-schema": "^2.6.0", "@peculiar/asn1-x509": "^2.6.1", "@peculiar/asn1-x509-attr": "^2.6.1", "asn1js": "^3.0.6", "tslib": "^2.8.1" } }, "sha512-5EV8nZoMSxeWmcxWmmcolg22ojZRgJg+Y9MX2fnE2bGRo5KQLqV5IL9kdSQDZxlHz95tHvIq9F//bvL1OeNILw=="],

    "@peculiar/asn1-rsa": ["@peculiar/asn1-rsa@2.6.1", "", { "dependencies": { "@peculiar/asn1-schema": "^2.6.0", "@peculiar/asn1-x509": "^2.6.1", "asn1js": "^3.0.6", "tslib": "^2.8.1" } }, "sha512-1nVMEh46SElUt5CB3RUTV4EG/z7iYc7EoaDY5ECwganibQPkZ/Y2eMsTKB/LeyrUJ+W/tKoD9WUqIy8vB+CEdA=="],

    "@peculiar/asn1-schema": ["@peculiar/asn1-schema@2.6.0", "", { "dependencies": { "asn1js": "^3.0.6", "pvtsutils": "^1.3.6", "tslib": "^2.8.1" } }, "sha512-xNLYLBFTBKkCzEZIw842BxytQQATQv+lDTCEMZ8C196iJcJJMBUZxrhSTxLaohMyKK8QlzRNTRkUmanucnDSqg=="],

    "@peculiar/asn1-x509": ["@peculiar/asn1-x509@2.6.1", "", { "dependencies": { "@peculiar/asn1-schema": "^2.6.0", "asn1js": "^3.0.6", "pvtsutils": "^1.3.6", "tslib": "^2.8.1" } }, "sha512-O9jT5F1A2+t3r7C4VT7LYGXqkGLK7Kj1xFpz7U0isPrubwU5PbDoyYtx6MiGst29yq7pXN5vZbQFKRCP+lLZlA=="],

    "@peculiar/asn1-x509-attr": ["@peculiar/asn1-x509-attr@2.6.1", "", { "dependencies": { "@peculiar/asn1-schema": "^2.6.0", "@peculiar/asn1-x509": "^2.6.1", "asn1js": "^3.0.6", "tslib": "^2.8.1" } }, "sha512-tlW6cxoHwgcQghnJwv3YS+9OO1737zgPogZ+CgWRUK4roEwIPzRH4JEiG770xe5HX2ATfCpmX60gurfWIF9dcQ=="],

    "@peculiar/x509": ["@peculiar/x509@1.14.3", "", { "dependencies": { "@peculiar/asn1-cms": "^2.6.0", "@peculiar/asn1-csr": "^2.6.0", "@peculiar/asn1-ecc": "^2.6.0", "@peculiar/asn1-pkcs9": "^2.6.0", "@peculiar/asn1-rsa": "^2.6.0", "@peculiar/asn1-schema": "^2.6.0", "@peculiar/asn1-x509": "^2.6.0", "pvtsutils": "^1.3.6", "reflect-metadata": "^0.2.2", "tslib": "^2.8.1", "tsyringe": "^4.10.0" } }, "sha512-C2Xj8FZ0uHWeCXXqX5B4/gVFQmtSkiuOolzAgutjTfseNOHT3pUjljDZsTSxXFGgio54bCzVFqmEOUrIVk8RDA=="],

    "@seydx/node-av-darwin-arm64": ["@seydx/node-av-darwin-arm64@5.2.2", "", { "dependencies": { "unzipper": "^0.12.3" }, "os": "darwin", "cpu": "arm64" }, "sha512-uj8hKggmfckYqRldfRWLT/0wRMhxc31+GMKPeYlL+PeAAfW2UigR0iL06CS/c0qIQRgFC9yMHv5Uc3OrIqJfZw=="],

    "@seydx/node-av-darwin-x64": ["@seydx/node-av-darwin-x64@5.2.2", "", { "dependencies": { "unzipper": "^0.12.3" }, "os": "darwin", "cpu": "x64" }, "sha512-HMq6BSoplzvH/0IygOQNVSYeWR0YH3SczHp53xgzxtzGtsdQ+2oWFuMr6jwlGGIIE0MrfUIDm+yuzZO2Z1YqpA=="],

    "@seydx/node-av-linux-arm64": ["@seydx/node-av-linux-arm64@5.2.2", "", { "dependencies": { "unzipper": "^0.12.3" }, "os": "linux", "cpu": "arm64" }, "sha512-AltBFfrGK29GvpvVkm3WgKy+RyrGVFZyISLm11mf+KUk/EhpNJauSPAPaPvVaTlISHAuKXW6AncZusjYUEGJ8A=="],

    "@seydx/node-av-linux-x64": ["@seydx/node-av-linux-x64@5.2.2", "", { "dependencies": { "unzipper": "^0.12.3" }, "os": "linux", "cpu": "x64" }, "sha512-8H5nas3leiFcFT4yNMhuFlIGaYc5+jUFl3I3hFEww/wnLLd+WG3v/uX8lHot8am8P3eZqwX9PHXoVauxfji5lQ=="],

    "@seydx/node-av-win32-arm64-mingw": ["@seydx/node-av-win32-arm64-mingw@5.2.2", "", { "dependencies": { "unzipper": "^0.12.3" }, "os": "win32", "cpu": "arm64" }, "sha512-BSQvoyyJKKF2faw0w9YADs9IMYOYXiIEGz/slKfqkYFeAr1AhoPCQmVkIu8U1Knmxnm1XN2xq8ovIYRr7aiUvg=="],

    "@seydx/node-av-win32-arm64-msvc": ["@seydx/node-av-win32-arm64-msvc@5.2.2", "", { "dependencies": { "unzipper": "^0.12.3" }, "os": "win32", "cpu": "arm64" }, "sha512-1dvoWam1m6u40ffVGGHjy6Giqh9GsGpooRlY5JLZQWftRRO2frDVIU+qaR2xqdE4xMZ2xoLzcVG1uZRtXvw7sQ=="],

    "@seydx/node-av-win32-x64-mingw": ["@seydx/node-av-win32-x64-mingw@5.2.2", "", { "dependencies": { "unzipper": "^0.12.3" }, "os": "win32", "cpu": "x64" }, "sha512-mh/n3C/Vm44pDZ0Qn8enKM9Dp32d67tZ1h3s6yL8lbYu6bDyuBET68h+x+Lq+X+PifrNxKczs2gnI3cuKk93Dg=="],

    "@seydx/node-av-win32-x64-msvc": ["@seydx/node-av-win32-x64-msvc@5.2.2", "", { "dependencies": { "unzipper": "^0.12.3" }, "os": "win32", "cpu": "x64" }, "sha512-abfpaUNj0RK6/tWL2SoXnnhWxvP7HGfeNGZgmJYmVZwCIYQKs6kNcQVF+xPxJedJHYDJuJAI3rOj/2mBK7pPWA=="],

    "@shinyoshiaki/binary-data": ["@shinyoshiaki/binary-data@0.6.1", "", { "dependencies": { "generate-function": "^2.3.1", "is-plain-object": "^2.0.3" } }, "sha512-7HDb/fQAop2bCmvDIzU5+69i+UJaFgIVp99h1VzK1mpg1JwSODOkjbqD7ilTYnqlnadF8C4XjpwpepxDsGY6+w=="],

    "@shinyoshiaki/jspack": ["@shinyoshiaki/jspack@0.0.6", "", {}, "sha512-SdsNhLjQh4onBlyPrn4ia1Pdx5bXT88G/LIEpOYAjx2u4xeY/m/HB5yHqlkJB1uQR3Zw4R3hBWLj46STRAN0rg=="],

    "@svta/cml-iso-bmff": ["@svta/cml-iso-bmff@1.0.1", "", { "peerDependencies": { "@svta/cml-utils": "1.4.0" } }, "sha512-MOhATJYQ6cVrIcoY3nj8p/vGYDpG3wjQIIhBPHNt9yjFijdwFdBNqdZbCXv3aFhRjdx5Saca5TkgNJusKhnI/w=="],

    "@svta/cml-utils": ["@svta/cml-utils@1.4.0", "", {}, "sha512-vNtHtv/z+9I9ysxFwNrgwxic1oceVPr8TpcpV/NA1l8Gy4phynwtOppkCIBB+PmoyKDcqE4lO85g+lfsuSTBBA=="],

    "@types/bun": ["@types/bun@1.3.10", "", { "dependencies": { "bun-types": "1.3.10" } }, "sha512-0+rlrUrOrTSskibryHbvQkDOWRJwJZqZlxrUs1u4oOoTln8+WIXBPmAuCF35SWB2z4Zl3E84Nl/D0P7803nigQ=="],

    "@types/debug": ["@types/debug@4.1.12", "", { "dependencies": { "@types/ms": "*" } }, "sha512-vIChWdVG3LG1SMxEvI/AK+FWJthlrqlTu7fbrlywTkkaONwk/UAGaULXRlf8vkzFBLVm0zkMdCquhL5aOjhXPQ=="],

    "@types/ms": ["@types/ms@2.1.0", "", {}, "sha512-GsCCIZDE/p3i96vtEqx+7dBUGXrc7zeSK3wwPHIaRThS+9OhWIXRqzs4d6k1SVU8g91DrNRWxWUGhp5KXQb2VA=="],

    "@types/node": ["@types/node@25.3.5", "", { "dependencies": { "undici-types": "~7.18.0" } }, "sha512-oX8xrhvpiyRCQkG1MFchB09f+cXftgIXb3a7UUa4Y3wpmZPw5tyZGTLWhlESOLq1Rq6oDlc8npVU2/9xiCuXMA=="],

    "@types/react": ["@types/react@19.2.14", "", { "dependencies": { "csstype": "^3.2.2" } }, "sha512-ilcTH/UniCkMdtexkoCN0bI7pMcJDvmQFPvuPvmEaYA/NSfFTAgdUSLAoVjaRJm7+6PvcM+q1zYOwS4wTYMF9w=="],

    "@ungap/global-this": ["@ungap/global-this@0.4.4", "", {}, "sha512-mHkm6FvepJECMNthFuIgpAEFmPOk71UyXuIxYfjytvFTnSDBIz7jmViO+LfHI/AjrazWije0PnSP3+/NlwzqtA=="],

    "aes-js": ["aes-js@3.1.2", "", {}, "sha512-e5pEa2kBnBOgR4Y/p20pskXI74UEz7de8ZGVo58asOtvSVG5YAbJeELPZxOmt+Bnz3rX753YKhfIn4X4l1PPRQ=="],

    "ansi-regex": ["ansi-regex@5.0.1", "", {}, "sha512-quJQXlTSUGL2LH9SUXo8VwsY4soanhgo6LNSm84E1LBcE8s3O0wpdiRzyR9z/ZZJMlMWv37qOOb9pdJlMUEKFQ=="],

    "ansi-styles": ["ansi-styles@4.3.0", "", { "dependencies": { "color-convert": "^2.0.1" } }, "sha512-zbB9rCJAT1rbjiVDb2hqKFHNYLxgtk8NURxZ3IZwD3F6NtxbXZQCnnSi1Lkx+IDohdPlFp222wVALIheZJQSEg=="],

    "asn1js": ["asn1js@3.0.7", "", { "dependencies": { "pvtsutils": "^1.3.6", "pvutils": "^1.1.3", "tslib": "^2.8.1" } }, "sha512-uLvq6KJu04qoQM6gvBfKFjlh6Gl0vOKQuR5cJMDHQkmwfMOQeN3F3SHCv9SNYSL+CRoHvOGFfllDlVz03GQjvQ=="],

    "async-mutex": ["async-mutex@0.5.0", "", { "dependencies": { "tslib": "^2.4.0" } }, "sha512-1A94B18jkJ3DYq284ohPxoXbfTA5HsQ7/Mf4DEhcyLx3Bz27Rh59iScbB6EPiP+B+joue6YCxcMXSbFC1tZKwA=="],

    "base64-js": ["base64-js@1.5.1", "", {}, "sha512-AKpaYlHn8t4SVbOHCy+b5+KKgvR4vrsD8vbvrbiQJps7fKDTkjkDry6ji0rUJjC0kzbNePLwzxq8iypo41qeWA=="],

    "bindings": ["bindings@1.5.0", "", { "dependencies": { "file-uri-to-path": "1.0.0" } }, "sha512-p2q/t/mhvuOj/UeLlV6566GD/guowlr0hHxClI0W9m7MWYkL1F0hLo+0Aexs9HSPCtR1SXQ0TD3MMKrXZajbiQ=="],

    "bl": ["bl@4.1.0", "", { "dependencies": { "buffer": "^5.5.0", "inherits": "^2.0.4", "readable-stream": "^3.4.0" } }, "sha512-1W07cM9gS6DcLperZfFSj+bWLtaPGSOHWhPiGzXmvVJbRLdG82sH/Kn8EtW1VqWVA54AKf2h5k5BbnIbwF3h6w=="],

    "bluebird": ["bluebird@3.7.2", "", {}, "sha512-XpNj6GDQzdfW+r2Wnn7xiSAd7TM3jzkxGXBGTtWKuSXv1xUV+azxAm8jdWZN06QTQk+2N2XB9jRDkvbmQmcRtg=="],

    "buffer": ["buffer@6.0.3", "", { "dependencies": { "base64-js": "^1.3.1", "ieee754": "^1.2.1" } }, "sha512-FTiCpNxtwiZZHEZbcbTIcZjERVICn9yq/pDFkTl95/AxzD1naBctN7YO68riM/gLSDY7sdrMby8hofADYuuqOA=="],

    "buffer-crc32": ["buffer-crc32@1.0.0", "", {}, "sha512-Db1SbgBS/fg/392AblrMJk97KggmvYhr4pB5ZIMTWtaivCPMWLkmb7m21cJvpvgK+J3nsU2CmmixNBZx4vFj/w=="],

    "bun-types": ["bun-types@1.3.10", "", { "dependencies": { "@types/node": "*" } }, "sha512-tcpfCCl6XWo6nCVnpcVrxQ+9AYN1iqMIzgrSKYMB/fjLtV2eyAVEg7AxQJuCq/26R6HpKWykQXuSOq/21RYcbg=="],

    "chownr": ["chownr@3.0.0", "", {}, "sha512-+IxzY9BZOQd/XuYPRmrvEVjF/nqj5kgT4kEq7VofrDoM1MxoRjEWkrCC3EtLi59TVawxTAn+orJwFQcrqEN1+g=="],

    "cliui": ["cliui@8.0.1", "", { "dependencies": { "string-width": "^4.2.0", "strip-ansi": "^6.0.1", "wrap-ansi": "^7.0.0" } }, "sha512-BSeNnyus75C4//NQ9gQt1/csTXyo/8Sb+afLAkzAptFuMsod9HFokGNudZpi/oQV73hnVK+sR+5PVRMd+Dr7YQ=="],

    "cmake-js": ["cmake-js@8.0.0", "", { "dependencies": { "debug": "^4.4.3", "fs-extra": "^11.3.3", "node-api-headers": "^1.8.0", "rc": "1.2.8", "semver": "^7.7.3", "tar": "^7.5.6", "url-join": "^4.0.1", "which": "^6.0.0", "yargs": "^17.7.2" }, "bin": { "cmake-js": "bin/cmake-js" } }, "sha512-YbUP88RDwCvoQkZhRtGURYm9RIpWdtvZuhT87fKNoLjk8kIFIFeARpKfuZQGdwfH99GZpUmqSfcDrK62X7lTgg=="],

    "color-convert": ["color-convert@2.0.1", "", { "dependencies": { "color-name": "~1.1.4" } }, "sha512-RRECPsj7iu/xb5oKYcsFHSppFNnsj/52OVTRKb4zP5onXwVF3zVmmToNcOfGC+CRDpfK/U584fMg38ZHCaElKQ=="],

    "color-name": ["color-name@1.1.4", "", {}, "sha512-dOy+3AuW3a2wNbZHIuMZpTcgjGuLU/uBL/ubcZF9OXbDo8ff4O8yVp5Bf0efS8uEoYo5q4Fx7dY9OgQGXgAsQA=="],

    "core-util-is": ["core-util-is@1.0.3", "", {}, "sha512-ZQBvi1DcpJ4GDqanjucZ2Hj3wEO5pZDS89BWbkcrvdxksJorwUDDZamX9ldFkp9aw2lmBDLgkObEA4DWNJ9FYQ=="],

    "csstype": ["csstype@3.2.3", "", {}, "sha512-z1HGKcYy2xA8AGQfwrn0PAy+PB7X/GSj3UVJW9qKyn43xWa+gl5nXmU4qqLMRzWVLFC8KusUX8T/0kCiOYpAIQ=="],

    "date-fns": ["date-fns@2.30.0", "", { "dependencies": { "@babel/runtime": "^7.21.0" } }, "sha512-fnULvOpxnC5/Vg3NCiWelDsLiUc9bRwAPs/+LfTLNvetFCtCTN+yQz15C/fs4AwX1R9K5GLtLfn8QW+dWisaAw=="],

    "debug": ["debug@4.4.3", "", { "dependencies": { "ms": "^2.1.3" } }, "sha512-RGwwWnwQvkVfavKVt22FGLw+xYSdzARwm0ru6DhTVA3umU5hZc28V3kO4stgYryrTlLpuvgI9GiijltAjNbcqA=="],

    "decompress-response": ["decompress-response@6.0.0", "", { "dependencies": { "mimic-response": "^3.1.0" } }, "sha512-aW35yZM6Bb/4oJlZncMH2LCoZtJXTRxES17vE3hoRiowU2kWHaJKFkSBDnDR+cm9J+9QhXmREyIfv0pji9ejCQ=="],

    "deep-extend": ["deep-extend@0.6.0", "", {}, "sha512-LOHxIOaPYdHlJRtCQfDIVZtfw/ufM8+rVj649RIHzcm/vGwQRXFt6OPqIFWsm2XEMrNIEtWR64sY1LEKD2vAOA=="],

    "dequal": ["dequal@2.0.3", "", {}, "sha512-0je+qPKHEMohvfRTCEo3CrPG6cAzAYgmzKyxRiYSSDkS6eGJdyVJm7WaYA5ECaAD9wLB2T4EEeymA5aFVcYXCA=="],

    "detect-libc": ["detect-libc@2.1.2", "", {}, "sha512-Btj2BOOO83o3WyH59e8MgXsxEQVcarkUOpEYrubB0urwnN10yQ364rsiByU11nZlqWYZm05i/of7io4mzihBtQ=="],

    "dns-packet": ["dns-packet@5.6.1", "", { "dependencies": { "@leichtgewicht/ip-codec": "^2.0.1" } }, "sha512-l4gcSouhcgIKRvyy99RNVOgxXiicE+2jZoNmaNmZ6JXiGajBOJAesk1OBlJuM5k2c+eudGdLxDqXuPCKIj6kpw=="],

    "duplexer2": ["duplexer2@0.1.4", "", { "dependencies": { "readable-stream": "^2.0.2" } }, "sha512-asLFVfWWtJ90ZyOUHMqk7/S2w2guQKxUI2itj3d92ADHhxUSbCMGi1f1cBcJ7xM1To+pE/Khbwo1yuNbMEPKeA=="],

    "emoji-regex": ["emoji-regex@8.0.0", "", {}, "sha512-MSjYzcWNOA0ewAHpz0MxpYFvwg6yjy1NG3xteoqz644VCo/RPgnr1/GGt+ic3iJTzQ8Eu3TdM14SawnVUmGE6A=="],

    "end-of-stream": ["end-of-stream@1.4.5", "", { "dependencies": { "once": "^1.4.0" } }, "sha512-ooEGc6HP26xXq/N+GCGOT0JKCLDGrq2bQUZrQ7gyrJiZANJ/8YDTxTpQBXGMn+WbIQXNVpyWymm7KYVICQnyOg=="],

    "escalade": ["escalade@3.2.0", "", {}, "sha512-WUj2qlxaQtO4g6Pq5c29GTcWGDyd8itL8zTlipgECz3JesAiiOKotd8JU6otB3PACgG6xkJUyVhboMS+bje/jA=="],

    "expand-template": ["expand-template@2.0.3", "", {}, "sha512-XYfuKMvj4O35f/pOXLObndIRvyQ+/+6AhODh+OKWj9S9498pHHn/IMszH+gt0fBCRWMNfk1ZSp5x3AifmnI2vg=="],

    "fast-deep-equal": ["fast-deep-equal@3.1.3", "", {}, "sha512-f3qQ9oQy9j2AhBe/H9VC91wLmKBCCU/gDOnKNAYG5hswO7BLKj09Hc5HYNz9cGI++xlpDCIgDaitVs03ATR84Q=="],

    "file-uri-to-path": ["file-uri-to-path@1.0.0", "", {}, "sha512-0Zt+s3L7Vf1biwWZ29aARiVYLx7iMGnEUl9x33fbB/j3jR81u/O2LbqK+Bm1CDSNDKVtJ/YjwY7TUd5SkeLQLw=="],

    "fs-constants": ["fs-constants@1.0.0", "", {}, "sha512-y6OAwoSIf7FyjMIv94u+b5rdheZEjzR63GTyZJm5qh4Bi+2YgwLCcI/fPFZkL5PSixOt6ZNKm+w+Hfp/Bciwow=="],

    "fs-extra": ["fs-extra@11.3.4", "", { "dependencies": { "graceful-fs": "^4.2.0", "jsonfile": "^6.0.1", "universalify": "^2.0.0" } }, "sha512-CTXd6rk/M3/ULNQj8FBqBWHYBVYybQ3VPBw0xGKFe3tuH7ytT6ACnvzpIQ3UZtB8yvUKC2cXn1a+x+5EVQLovA=="],

    "generate-function": ["generate-function@2.3.1", "", { "dependencies": { "is-property": "^1.0.2" } }, "sha512-eeB5GfMNeevm/GRYq20ShmsaGcmI81kIX2K9XQx5miC8KdHaC6Jm0qQ8ZNeGOi7wYB8OsdxKs+Y2oVuTFuVwKQ=="],

    "get-caller-file": ["get-caller-file@2.0.5", "", {}, "sha512-DyFP3BM/3YHTQOCUL/w0OZHR0lpKeGrxotcHWcqNEdnltqFwXVfhEBQ94eIo34AfQpo0rGki4cyIiftY06h2Fg=="],

    "github-from-package": ["github-from-package@0.0.0", "", {}, "sha512-SyHy3T1v2NUXn29OsWdxmK6RwHD+vkj3v8en8AOBZ1wBQ/hCAQ5bAQTD02kW4W9tUp/3Qh6J8r9EvntiyCmOOw=="],

    "graceful-fs": ["graceful-fs@4.2.11", "", {}, "sha512-RbJ5/jmFcNNCcDV5o9eTnBLJ/HszWV0P73bc+Ff4nS/rJj+YaS6IGyiOL0VoBYX+l1Wrl3k63h/KrH+nhJ0XvQ=="],

    "ieee754": ["ieee754@1.2.1", "", {}, "sha512-dcyqhDvX1C46lXZcVqCpK+FtMRQVdIMN6/Df5js2zouUsqG7I6sFxitIC+7KYK29KdXOLHdu9zL4sFnoVQnqaA=="],

    "inherits": ["inherits@2.0.4", "", {}, "sha512-k/vGaX4/Yla3WzyMCvTQOXYeIHvqOKtnqBduzTHpzpQZzAskKMhZ2K+EnBiSM9zGSoIFeMpXKxa4dYeZIQqewQ=="],

    "ini": ["ini@1.3.8", "", {}, "sha512-JV/yugV2uzW5iMRSiZAyDtQd+nxtUnjeLt0acNdw98kKLrvuRVyB80tsREOE7yvGVgalhZ6RNXCmEHkUKBKxew=="],

    "int64-buffer": ["int64-buffer@1.1.0", "", {}, "sha512-94smTCQOvigN4d/2R/YDjz8YVG0Sufvv2aAh8P5m42gwhCsDAJqnbNOrxJsrADuAFAA69Q/ptGzxvNcNuIJcvw=="],

    "ip": ["ip@2.0.1", "", {}, "sha512-lJUL9imLTNi1ZfXT+DU6rBBdbiKGBuay9B6xGSPVjUeQwaH1RIGqef8RZkUtHioLmSNpPR5M4HVKJGm1j8FWVQ=="],

    "is-fullwidth-code-point": ["is-fullwidth-code-point@3.0.0", "", {}, "sha512-zymm5+u+sCsSWyD9qNaejV3DFvhCKclKdizYaJUuHA83RLjb7nSuGnddCHGv0hk+KY7BMAlsWeK4Ueg6EV6XQg=="],

    "is-plain-object": ["is-plain-object@2.0.4", "", { "dependencies": { "isobject": "^3.0.1" } }, "sha512-h5PpgXkWitc38BBMYawTYMWJHFZJVnBquFE57xFpjB8pJFiF6gZ+bU+WyI/yqXiFR5mdLsgYNaPe8uao6Uv9Og=="],

    "is-property": ["is-property@1.0.2", "", {}, "sha512-Ks/IoX00TtClbGQr4TWXemAnktAQvYB7HzcCxDGqEZU6oCmb2INHuOoKxbtR+HFkmYWBKv/dOZtGRiAjDhj92g=="],

    "isarray": ["isarray@1.0.0", "", {}, "sha512-VLghIWNM6ELQzo7zwmcg0NmTVyWKYjvIeM83yjp0wRDTmUnrM678fQbcKBo6n2CJEF0szoG//ytg+TKla89ALQ=="],

    "isexe": ["isexe@4.0.0", "", {}, "sha512-FFUtZMpoZ8RqHS3XeXEmHWLA4thH+ZxCv2lOiPIn1Xc7CxrqhWzNSDzD+/chS/zbYezmiwWLdQC09JdQKmthOw=="],

    "isobject": ["isobject@3.0.1", "", {}, "sha512-WhB9zCku7EGTj/HQQRz5aUQEUeoQZH2bWcltRErOpymJ4boYE6wL9Tbr23krRPSZ+C5zqNSrSw+Cc7sZZ4b7vg=="],

    "jsonfile": ["jsonfile@6.2.0", "", { "dependencies": { "universalify": "^2.0.0" }, "optionalDependencies": { "graceful-fs": "^4.1.6" } }, "sha512-FGuPw30AdOIUTRMC2OMRtQV+jkVj2cfPqSeWXv1NEAJ1qZ5zb1X6z1mFhbfOB/iy3ssJCD+3KuZ8r8C3uVFlAg=="],

    "lodash": ["lodash@4.17.23", "", {}, "sha512-LgVTMpQtIopCi79SJeDiP0TfWi5CNEc/L/aRdTh3yIvmZXTnheWpKjSZhnvMl8iXbC1tFg9gdHHDMLoV7CnG+w=="],

    "mimic-response": ["mimic-response@3.1.0", "", {}, "sha512-z0yWI+4FDrrweS8Zmt4Ej5HdJmky15+L2e6Wgn3+iK5fWzb6T3fhNFq2+MeTRb064c6Wr4N/wv0DzQTjNzHNGQ=="],

    "minimist": ["minimist@1.2.8", "", {}, "sha512-2yyAR8qBkN3YuheJanUpWC5U3bb5osDywNB8RzDVlDwDHbocAJveqqj1u8+SVD7jkWT4yvsHCpWqqWqAxb0zCA=="],

    "minipass": ["minipass@7.1.3", "", {}, "sha512-tEBHqDnIoM/1rXME1zgka9g6Q2lcoCkxHLuc7ODJ5BxbP5d4c2Z5cGgtXAku59200Cx7diuHTOYfSBD8n6mm8A=="],

    "minizlib": ["minizlib@3.1.0", "", { "dependencies": { "minipass": "^7.1.2" } }, "sha512-KZxYo1BUkWD2TVFLr0MQoM8vUUigWD3LlD83a/75BqC+4qE0Hb1Vo5v1FgcfaNXvfXzr+5EhQ6ing/CaBijTlw=="],

    "mkdirp-classic": ["mkdirp-classic@0.5.3", "", {}, "sha512-gKLcREMhtuZRwRAfqP3RFW+TK4JqApVBtOIftVgjuABpAtpxhPGaDcfvbhNvD0B8iD1oUr/txX35NjcaY6Ns/A=="],

    "mp4box": ["mp4box@0.5.4", "", {}, "sha512-GcCH0fySxBurJtvr0dfhz0IxHZjc1RP+F+I8xw+LIwkU1a+7HJx8NCDiww1I5u4Hz6g4eR1JlGADEGJ9r4lSfA=="],

    "ms": ["ms@2.1.3", "", {}, "sha512-6FlzubTLZG3J2a/NVCAleEhjzq5oxgHyaCU9yYXvcLsvoVaHJq/s5xXI6/XXP6tz7R9xAOtHnSO/tXtF3WRTlA=="],

    "multicast-dns": ["multicast-dns@7.2.5", "", { "dependencies": { "dns-packet": "^5.2.2", "thunky": "^1.0.2" }, "bin": { "multicast-dns": "cli.js" } }, "sha512-2eznPJP8z2BFLX50tf0LuODrpINqP1RVIm/CObbTcBRITQgmC/TjcREF1NeTBzIcR5XO/ukWo+YHOjBbFwIupg=="],

    "napi-build-utils": ["napi-build-utils@2.0.0", "", {}, "sha512-GEbrYkbfF7MoNaoh2iGG84Mnf/WZfB0GdGEsM8wz7Expx/LlWf5U8t9nvJKXSp3qr5IsEbK04cBGhol/KwOsWA=="],

    "node-abi": ["node-abi@3.87.0", "", { "dependencies": { "semver": "^7.3.5" } }, "sha512-+CGM1L1CgmtheLcBuleyYOn7NWPVu0s0EJH2C4puxgEZb9h8QpR9G2dBfZJOAUhi7VQxuBPMd0hiISWcTyiYyQ=="],

    "node-addon-api": ["node-addon-api@7.1.1", "", {}, "sha512-5m3bsyrjFWE1xf7nz7YXdN4udnVtXK6/Yfgn5qnahL6bCkf2yKt4k3nuTKAtT4r3IG8JNR2ncsIMdZuAzJjHQQ=="],

    "node-api-headers": ["node-api-headers@1.8.0", "", {}, "sha512-jfnmiKWjRAGbdD1yQS28bknFM1tbHC1oucyuMPjmkEs+kpiu76aRs40WlTmBmyEgzDM76ge1DQ7XJ3R5deiVjQ=="],

    "node-av": ["node-av@5.2.2", "", { "dependencies": { "unzipper": "^0.12.3", "werift": "^0.22.4" }, "optionalDependencies": { "@seydx/node-av-darwin-arm64": "^5.2.2", "@seydx/node-av-darwin-x64": "^5.2.2", "@seydx/node-av-linux-arm64": "^5.2.2", "@seydx/node-av-linux-x64": "^5.2.2", "@seydx/node-av-win32-arm64-mingw": "^5.2.2", "@seydx/node-av-win32-arm64-msvc": "^5.2.2", "@seydx/node-av-win32-x64-mingw": "^5.2.2", "@seydx/node-av-win32-x64-msvc": "^5.2.2" } }, "sha512-uon3CnM54pW2yiF0q8t1AKljNxXkUeafobXGyNIpOdGtRz/naqBz/uqX6j+d3IaTPyCHkJvq0SZPtA68XMlNRw=="],

    "node-int64": ["node-int64@0.4.0", "", {}, "sha512-O5lz91xSOeoXP6DulyHfllpq+Eg00MWitZIbtPfoSEvqIHdl5gfcY6hYzDWnj0qD5tz52PI08u9qUvSVeUBeHw=="],

    "once": ["once@1.4.0", "", { "dependencies": { "wrappy": "1" } }, "sha512-lNaJgI+2Q5URQBkccEKHTQOPaXdUxnZZElQTZY0MFUAuaEqe1E+Nyvgdz/aIyNi6Z9MzO5dv1H8n58/GELp3+w=="],

    "p-cancelable": ["p-cancelable@2.1.1", "", {}, "sha512-BZOr3nRQHOntUjTrH8+Lh54smKHoHyur8We1V8DSMVrl5A2malOOwuJRnKRDjSnkoeBh4at6BwEnb5I7Jl31wg=="],

    "prebuild-install": ["prebuild-install@7.1.3", "", { "dependencies": { "detect-libc": "^2.0.0", "expand-template": "^2.0.3", "github-from-package": "0.0.0", "minimist": "^1.2.3", "mkdirp-classic": "^0.5.3", "napi-build-utils": "^2.0.0", "node-abi": "^3.3.0", "pump": "^3.0.0", "rc": "^1.2.7", "simple-get": "^4.0.0", "tar-fs": "^2.0.0", "tunnel-agent": "^0.6.0" }, "bin": { "prebuild-install": "bin.js" } }, "sha512-8Mf2cbV7x1cXPUILADGI3wuhfqWvtiLA1iclTDbFRZkgRQS0NqsPZphna9V+HyTEadheuPmjaJMsbzKQFOzLug=="],

    "process-nextick-args": ["process-nextick-args@2.0.1", "", {}, "sha512-3ouUOpQhtgrbOa17J7+uxOTpITYWaGP7/AhoR3+A+/1e9skrzelGi/dXzEYyvbxubEF6Wn2ypscTKiKJFFn1ag=="],

    "pump": ["pump@3.0.4", "", { "dependencies": { "end-of-stream": "^1.1.0", "once": "^1.3.1" } }, "sha512-VS7sjc6KR7e1ukRFhQSY5LM2uBWAUPiOPa/A3mkKmiMwSmRFUITt0xuj+/lesgnCv+dPIEYlkzrcyXgquIHMcA=="],

    "pvtsutils": ["pvtsutils@1.3.6", "", { "dependencies": { "tslib": "^2.8.1" } }, "sha512-PLgQXQ6H2FWCaeRak8vvk1GW462lMxB5s3Jm673N82zI4vqtVUPuZdffdZbPDFRoU8kAhItWFtPCWiPpp4/EDg=="],

    "pvutils": ["pvutils@1.1.5", "", {}, "sha512-KTqnxsgGiQ6ZAzZCVlJH5eOjSnvlyEgx1m8bkRJfOhmGRqfo5KLvmAlACQkrjEtOQ4B7wF9TdSLIs9O90MX9xA=="],

    "rc": ["rc@1.2.8", "", { "dependencies": { "deep-extend": "^0.6.0", "ini": "~1.3.0", "minimist": "^1.2.0", "strip-json-comments": "~2.0.1" }, "bin": { "rc": "./cli.js" } }, "sha512-y3bGgqKj3QBdxLbLkomlohkvsA8gdAiUQlSBJnBhfn+BPxg4bc62d8TcBW15wavDfgexCgccckhcZvywyQYPOw=="],

    "readable-stream": ["readable-stream@2.3.8", "", { "dependencies": { "core-util-is": "~1.0.0", "inherits": "~2.0.3", "isarray": "~1.0.0", "process-nextick-args": "~2.0.0", "safe-buffer": "~5.1.1", "string_decoder": "~1.1.1", "util-deprecate": "~1.0.1" } }, "sha512-8p0AUk4XODgIewSi0l8Epjs+EVnWiK7NoDIEGU0HhE7+ZyY8D1IMY7odu5lRrFXGg71L15KG8QrPmum45RTtdA=="],

    "reflect-metadata": ["reflect-metadata@0.2.2", "", {}, "sha512-urBwgfrvVP/eAyXx4hluJivBKzuEbSQs9rKWCrCkbSxNv8mxPcUZKeuoF3Uy4mJl3Lwprp6yy5/39VWigZ4K6Q=="],

    "require-directory": ["require-directory@2.1.1", "", {}, "sha512-fGxEI7+wsG9xrvdjsrlmL22OMTTiHRwAMroiEeMgq8gzoLC/PQr7RsRDSTLUg/bZAZtF+TVIkHc6/4RIKrui+Q=="],

    "rx.mini": ["rx.mini@1.4.0", "", {}, "sha512-8w5cSc1mwNja7fl465DXOkVvIOkpvh2GW4jo31nAIvX4WTXCsRnKJGUfiDBzWtYRInEcHAUYIZfzusjIrea8gA=="],

    "safe-buffer": ["safe-buffer@5.2.1", "", {}, "sha512-rp3So07KcdmmKbGvgaNxQSJr7bGVSVk5S9Eq1F+ppbRo70+YeaDxkw5Dd8NPN+GD6bjnYm2VuPuCXmpuYvmCXQ=="],

    "semver": ["semver@7.7.4", "", { "bin": { "semver": "bin/semver.js" } }, "sha512-vFKC2IEtQnVhpT78h1Yp8wzwrf8CM+MzKMHGJZfBtzhZNycRFnXsHk6E5TxIkkMsgNS7mdX3AGB7x2QM2di4lA=="],

    "simple-concat": ["simple-concat@1.0.1", "", {}, "sha512-cSFtAPtRhljv69IK0hTVZQ+OfE9nePi/rtJmw5UjHeVyVroEqJXP1sFztKUy1qU+xvz3u/sfYJLa947b7nAN2Q=="],

    "simple-get": ["simple-get@4.0.1", "", { "dependencies": { "decompress-response": "^6.0.0", "once": "^1.3.1", "simple-concat": "^1.0.0" } }, "sha512-brv7p5WgH0jmQJr1ZDDfKDOSeWWg+OVypG99A/5vYGPqJ6pxiaHLy8nxtFjBA7oMa01ebA9gfh1uMCFqOuXxvA=="],

    "string-width": ["string-width@4.2.3", "", { "dependencies": { "emoji-regex": "^8.0.0", "is-fullwidth-code-point": "^3.0.0", "strip-ansi": "^6.0.1" } }, "sha512-wKyQRQpjJ0sIp62ErSZdGsjMJWsap5oRNihHhu6G7JVO/9jIB6UyevL+tXuOqrng8j/cxKTWyWUwvSTriiZz/g=="],

    "string_decoder": ["string_decoder@1.1.1", "", { "dependencies": { "safe-buffer": "~5.1.0" } }, "sha512-n/ShnvDi6FHbbVfviro+WojiFzv+s8MPMHBczVePfUpDJLwoLT0ht1l4YwBCbi8pJAveEEdnkHyPyTP/mzRfwg=="],

    "strip-ansi": ["strip-ansi@6.0.1", "", { "dependencies": { "ansi-regex": "^5.0.1" } }, "sha512-Y38VPSHcqkFrCpFnQ9vuSXmquuv5oXOKpGeT6aGrr3o3Gc9AlVa6JBfUSOCnbxGGZF+/0ooI7KrPuUSztUdU5A=="],

    "strip-json-comments": ["strip-json-comments@2.0.1", "", {}, "sha512-4gB8na07fecVVkOI6Rs4e7T6NOTki5EmL7TUduTs6bu3EdnSycntVJ4re8kgZA+wx9IueI2Y11bfbgwtzuE0KQ=="],

    "tar": ["tar@7.5.10", "", { "dependencies": { "@isaacs/fs-minipass": "^4.0.0", "chownr": "^3.0.0", "minipass": "^7.1.2", "minizlib": "^3.1.0", "yallist": "^5.0.0" } }, "sha512-8mOPs1//5q/rlkNSPcCegA6hiHJYDmSLEI8aMH/CdSQJNWztHC9WHNam5zdQlfpTwB9Xp7IBEsHfV5LKMJGVAw=="],

    "tar-fs": ["tar-fs@2.1.4", "", { "dependencies": { "chownr": "^1.1.1", "mkdirp-classic": "^0.5.2", "pump": "^3.0.0", "tar-stream": "^2.1.4" } }, "sha512-mDAjwmZdh7LTT6pNleZ05Yt65HC3E+NiQzl672vQG38jIrehtJk/J3mNwIg+vShQPcLF/LV7CMnDW6vjj6sfYQ=="],

    "tar-stream": ["tar-stream@2.2.0", "", { "dependencies": { "bl": "^4.0.3", "end-of-stream": "^1.4.1", "fs-constants": "^1.0.0", "inherits": "^2.0.3", "readable-stream": "^3.1.1" } }, "sha512-ujeqbceABgwMZxEJnk2HDY2DlnUZ+9oEcb1KzTVfYHio0UE6dG71n60d8D2I4qNvleWrrXpmjpt7vZeF1LnMZQ=="],

    "thunky": ["thunky@1.1.0", "", {}, "sha512-eHY7nBftgThBqOyHGVN+l8gF0BucP09fMo0oO/Lb0w1OF80dJv+lDVpXG60WMQvkcxAkNybKsrEIE3ZtKGmPrA=="],

    "tslib": ["tslib@2.8.1", "", {}, "sha512-oJFu94HQb+KVduSUQL7wnpmqnfmLsOA/nAh6b6EH0wCEoK0/mPeXU6c3wKDV83MkOuHPRHtSXKKU99IBazS/2w=="],

    "tsyringe": ["tsyringe@4.10.0", "", { "dependencies": { "tslib": "^1.9.3" } }, "sha512-axr3IdNuVIxnaK5XGEUFTu3YmAQ6lllgrvqfEoR16g/HGnYY/6We4oWENtAnzK6/LpJ2ur9PAb80RBt7/U4ugw=="],

    "tunnel-agent": ["tunnel-agent@0.6.0", "", { "dependencies": { "safe-buffer": "^5.0.1" } }, "sha512-McnNiV1l8RYeY8tBgEpuodCC1mLUdbSN+CYBL7kJsJNInOP8UjDDEwdk6Mw60vdLLrr5NHKZhMAOSrR2NZuQ+w=="],

    "tweetnacl": ["tweetnacl@1.0.3", "", {}, "sha512-6rt+RN7aOi1nGMyC4Xa5DdYiukl2UWCbcJft7YhxReBGQD7OAM8Pbxw6YMo4r2diNEA8FEmu32YOn9rhaiE5yw=="],

    "typescript": ["typescript@5.9.3", "", { "bin": { "tsc": "bin/tsc", "tsserver": "bin/tsserver" } }, "sha512-jl1vZzPDinLr9eUt3J/t7V6FgNEw9QjvBPdysz9KfQDD41fQrC2Y4vKQdiaUpFT4bXlb1RHhLpp8wtm6M5TgSw=="],

    "undici-types": ["undici-types@7.18.2", "", {}, "sha512-AsuCzffGHJybSaRrmr5eHr81mwJU3kjw6M+uprWvCXiNeN9SOGwQ3Jn8jb8m3Z6izVgknn1R0FTCEAP2QrLY/w=="],

    "universalify": ["universalify@2.0.1", "", {}, "sha512-gptHNQghINnc/vTGIk0SOFGFNXw7JVrlRUtConJRlvaw6DuX0wO5Jeko9sWrMBhh+PsYAZ7oXAiOnf/UKogyiw=="],

    "unzipper": ["unzipper@0.12.3", "", { "dependencies": { "bluebird": "~3.7.2", "duplexer2": "~0.1.4", "fs-extra": "^11.2.0", "graceful-fs": "^4.2.2", "node-int64": "^0.4.0" } }, "sha512-PZ8hTS+AqcGxsaQntl3IRBw65QrBI6lxzqDEL7IAo/XCEqRTKGfOX56Vea5TH9SZczRVxuzk1re04z/YjuYCJA=="],

    "url-join": ["url-join@4.0.1", "", {}, "sha512-jk1+QP6ZJqyOiuEI9AEWQfju/nB2Pw466kbA0LEZljHwKeMgd9WrAEgEGxjPDD2+TNbbb37rTyhEfrCXfuKXnA=="],

    "util-deprecate": ["util-deprecate@1.0.2", "", {}, "sha512-EPD5q1uXyFxJpCrLnCc1nHnq3gOa6DZBocAIiI2TaSCA7VCJ1UJDMagCzIkXNsUYfD1daK//LTEQ8xiIbrHtcw=="],

    "werift": ["werift@0.22.9", "", { "dependencies": { "@fidm/x509": "^1.2.1", "@minhducsun2002/leb128": "^1.0.0", "@noble/curves": "^1.8.1", "@peculiar/x509": "^1.12.3", "@shinyoshiaki/binary-data": "^0.6.1", "@shinyoshiaki/jspack": "^0.0.6", "aes-js": "^3.1.2", "buffer": "^6.0.3", "debug": "4.4.0", "fast-deep-equal": "^3.1.3", "int64-buffer": "1.1.0", "ip": "^2.0.1", "mp4box": "^0.5.3", "multicast-dns": "^7.2.5", "tweetnacl": "^1.0.3", "werift-common": "*", "werift-dtls": "*", "werift-ice": "*", "werift-rtp": "*", "werift-sctp": "*" } }, "sha512-TE9AxskSRWBMYm0MBRllfnKVXQelqC76JCvyolQyVWpmKabfY5BA/cuvkGg+71JWn3QrGih1YWtpIWGPqoxcoA=="],

    "werift-common": ["werift-common@0.0.3", "", { "dependencies": { "@shinyoshiaki/jspack": "^0.0.6", "debug": "^4.4.0" } }, "sha512-ma3E4BqKTyZVLhrdfTVs2T1tg9seeUtKMRn5e64LwgrogWa62+3LAUoLBUSl1yPWhgSkXId7GmcHuWDen9IJeQ=="],

    "werift-dtls": ["werift-dtls@0.5.7", "", { "dependencies": { "@fidm/x509": "^1.2.1", "@noble/curves": "^1.3.0", "@peculiar/x509": "^1.9.2", "@shinyoshiaki/binary-data": "^0.6.1", "date-fns": "^2.29.3", "lodash": "^4.17.21", "rx.mini": "^1.2.2", "tweetnacl": "^1.0.3" } }, "sha512-z2fjbP7fFUFmu/Ky4bCKXzdgPTtmSY1DYi0TUf3GG2zJT4jMQ3TQmGY8y7BSSNGetvL4h3pRZ5un0EcSOWpPog=="],

    "werift-ice": ["werift-ice@0.2.2", "", { "dependencies": { "@shinyoshiaki/jspack": "^0.0.6", "buffer-crc32": "^1.0.0", "debug": "^4.3.4", "int64-buffer": "^1.0.1", "ip": "^2.0.1", "lodash": "^4.17.21", "multicast-dns": "^7.2.5", "p-cancelable": "^2.1.1", "rx.mini": "^1.2.2" } }, "sha512-td52pHp+JmFnUn5jfDr/SSNO0dMCbknhuPdN1tFp9cfRj5jaktN63qnAdUuZC20QCC3ETWdsOthcm+RalHpFCQ=="],

    "werift-rtp": ["werift-rtp@0.8.8", "", { "dependencies": { "@minhducsun2002/leb128": "^1.0.0", "@shinyoshiaki/jspack": "^0.0.6", "aes-js": "^3.1.2", "buffer": "^6.0.3", "mp4box": "^0.5.3" } }, "sha512-GiYMSdvCyScQaw5bnEsraSoHUVZpjfokJAiLV4R1FsiB06t6XiebPYPpkqB9nYNNKiA8Z/cYWsym7wISq1sYSQ=="],

    "werift-sctp": ["werift-sctp@0.0.11", "", { "dependencies": { "@shinyoshiaki/jspack": "^0.0.6" } }, "sha512-7109yuI5U7NTEHjqjn0A8VeynytkgVaxM6lRr1Ziv0D8bPcaB8A7U/P88M7WaCpWDoELHoXiRUjQycMWStIgjQ=="],

    "which": ["which@6.0.1", "", { "dependencies": { "isexe": "^4.0.0" }, "bin": { "node-which": "bin/which.js" } }, "sha512-oGLe46MIrCRqX7ytPUf66EAYvdeMIZYn3WaocqqKZAxrBpkqHfL/qvTyJ/bTk5+AqHCjXmrv3CEWgy368zhRUg=="],

    "wrap-ansi": ["wrap-ansi@7.0.0", "", { "dependencies": { "ansi-styles": "^4.0.0", "string-width": "^4.1.0", "strip-ansi": "^6.0.0" } }, "sha512-YVGIj2kamLSTxw6NsZjoBxfSwsn0ycdesmc4p+Q21c5zPuZ1pl+NfxVdxPtdHvmNVOQ6XSYG4AUtyt/Fi7D16Q=="],

    "wrappy": ["wrappy@1.0.2", "", {}, "sha512-l4Sp/DRseor9wL6EvV2+TuQn63dMkPjZ/sp9XkghTEbV9KlPS1xUsZ3u7/IQO4wxtcFB4bgpQPRcR3QCvezPcQ=="],

    "y18n": ["y18n@5.0.8", "", {}, "sha512-0pfFzegeDWJHJIAmTLRP2DwHjdF5s7jo9tuztdQxAhINCdvS+3nGINqPd00AphqJR/0LhANUS6/+7SCb98YOfA=="],

    "yallist": ["yallist@5.0.0", "", {}, "sha512-YgvUTfwqyc7UXVMrB+SImsVYSmTS8X/tSrtdNZMImM+n7+QTriRXyXim0mBrTXNeqzVF0KWGgHPeiyViFFrNDw=="],

    "yargs": ["yargs@17.7.2", "", { "dependencies": { "cliui": "^8.0.1", "escalade": "^3.1.1", "get-caller-file": "^2.0.5", "require-directory": "^2.1.1", "string-width": "^4.2.3", "y18n": "^5.0.5", "yargs-parser": "^21.1.1" } }, "sha512-7dSzzRQ++CKnNI/krKnYRV7JKKPUXMEh61soaHKg9mrWEhzFWhFnxPxGl+69cD1Ou63C13NUPCnmIcrvqCuM6w=="],

    "yargs-parser": ["yargs-parser@21.1.1", "", {}, "sha512-tVpsJW7DdjecAiFpbIB1e3qxIQsE6NoPc5/eTdrbbIC4h0LVsWhnoa3g+m2HclBIujHzsxZ4VJVA+GUuc2/LBw=="],

    "zod": ["zod@4.3.6", "", {}, "sha512-rftlrkhHZOcjDwkGlnUtZZkvaPHCsDATp4pGpuOOMDaTdDDXF91wuVDJoWoPsKX/3YPQ5fHuF3STjcYyKr+Qhg=="],

    "bl/buffer": ["buffer@5.7.1", "", { "dependencies": { "base64-js": "^1.3.1", "ieee754": "^1.1.13" } }, "sha512-EHcyIPBQ4BSGlvjB16k5KgAJ27CIsHY/2JBmCRReo48y9rQ3MaUzWX3KVlBa4U7MyX02HdVj0K7C3WaB3ju7FQ=="],

    "bl/readable-stream": ["readable-stream@3.6.2", "", { "dependencies": { "inherits": "^2.0.3", "string_decoder": "^1.1.1", "util-deprecate": "^1.0.1" } }, "sha512-9u/sniCrY3D5WdsERHzHE4G2YCXqoG5FTHUiCC4SIbr6XcLZBY05ya9EKjYek9O5xOAwjGq+1JdGBAS7Q9ScoA=="],

    "readable-stream/safe-buffer": ["safe-buffer@5.1.2", "", {}, "sha512-Gd2UZBJDkXlY7GbJxfsE8/nvKkUEU1G38c1siN6QP6a9PT9MmHB8GnpscSmMJSoF8LOIrt8ud/wPtojys4G6+g=="],

    "string_decoder/safe-buffer": ["safe-buffer@5.1.2", "", {}, "sha512-Gd2UZBJDkXlY7GbJxfsE8/nvKkUEU1G38c1siN6QP6a9PT9MmHB8GnpscSmMJSoF8LOIrt8ud/wPtojys4G6+g=="],

    "tar-fs/chownr": ["chownr@1.1.4", "", {}, "sha512-jJ0bqzaylmJtVnNgzTeSOs8DPavpbYgEr/b0YL8/2GO3xJEhInFmhKMUnEJQjZumK7KXGFhUy89PrsJWlakBVg=="],

    "tar-stream/readable-stream": ["readable-stream@3.6.2", "", { "dependencies": { "inherits": "^2.0.3", "string_decoder": "^1.1.1", "util-deprecate": "^1.0.1" } }, "sha512-9u/sniCrY3D5WdsERHzHE4G2YCXqoG5FTHUiCC4SIbr6XcLZBY05ya9EKjYek9O5xOAwjGq+1JdGBAS7Q9ScoA=="],

    "tsyringe/tslib": ["tslib@1.14.1", "", {}, "sha512-Xni35NKzjgMrwevysHTCArtLDpPvye8zV/0E4EyYn43P7/7qvQwPh9BGkHewbMulVntbigmcT7rdX3BNo9wRJg=="],

    "werift/debug": ["debug@4.4.0", "", { "dependencies": { "ms": "^2.1.3" } }, "sha512-6WTZ/IxCY/T6BALoZHaE4ctp9xm+Z5kY/pzYaCHRFeyVhojxlrm+46y68HA6hr0TcwEssoxNiDEUJQjfPZ/RYA=="],

    "bl/readable-stream/string_decoder": ["string_decoder@1.3.0", "", { "dependencies": { "safe-buffer": "~5.2.0" } }, "sha512-hkRX8U1WjJFd8LsDJ2yQ/wWWxaopEsABU1XfkM8A+j0+85JAGppt16cr1Whg6KIbb4okU6Mql6BOj+uup/wKeA=="],

    "tar-stream/readable-stream/string_decoder": ["string_decoder@1.3.0", "", { "dependencies": { "safe-buffer": "~5.2.0" } }, "sha512-hkRX8U1WjJFd8LsDJ2yQ/wWWxaopEsABU1XfkM8A+j0+85JAGppt16cr1Whg6KIbb4okU6Mql6BOj+uup/wKeA=="],
  }
}
